
Microsoft Visual Studio Solution File, Format Version 12.00
# Visual Studio 15
VisualStudioVersion = 15.0.27130.2020
MinimumVisualStudioVersion = 10.0.40219.1
Project("{2150E333-8FDC-42A3-9474-1A3956D46DE8}") = "Solution Items", "Solution Items", "{1C4F6817-5B84-4686-9F69-9BE494E3BE3B}"
	ProjectSection(SolutionItems) = preProject
		ReadMe.txt = ReadMe.txt
	EndProjectSection
EndProject
Project("{8BC9CEB8-8B4A-11D0-8D11-00A0C91BC942}") = "MidPointPasswordFilter", "MidPointPasswordFilter\MidPointPasswordFilter.vcxproj", "{9A812D99-1630-47FE-8E21-B46C2188F1A6}"
EndProject
Project("{8BC9CEB8-8B4A-11D0-8D11-00A0C91BC942}") = "MidPointPasswordFilterEncryptor", "MidPointPasswordFilterEncryptor\MidPointPasswordFilterEncryptor.vcxproj", "{0B2F127B-35D4-488F-9589-A379FDFA043C}"
EndProject
Project("{FAE04EC0-301F-11D3-BF4B-00C04F79EFBC}") = "MidPointPasswordFilterProcessor", "MidPointPasswordFilterProcessor\MidPointPasswordFilterProcessor.csproj", "{105B6A41-C64C-468F-B8EC-A4749F6B9DB1}"
EndProject
Project("{2150E333-8FDC-42A3-9474-1A3956D46DE8}") = "Setup", "Setup", "{88F508D3-C235-4B87-BCCB-AEFBFF07705B}"
EndProject
Project("{8BC9CEB8-8B4A-11D0-8D11-00A0C91BC942}") = "ConsoleApplicationTest", "ConsoleApplicationTest\ConsoleApplicationTest.vcxproj", "{D40E6071-DFF1-462A-8ED3-42AF663826EE}"
EndProject
Project("{8BC9CEB8-8B4A-11D0-8D11-00A0C91BC942}") = "MidPointEncryption", "MidPointEncryption\MidPointEncryption.vcxproj", "{0192933F-A6DD-4A46-85B2-43441A8677B4}"
EndProject
Global
	GlobalSection(SolutionConfigurationPlatforms) = preSolution
		Debug|Any CPU = Debug|Any CPU
		Debug|Mixed Platforms = Debug|Mixed Platforms
		Debug|Win32 = Debug|Win32
		Debug|x64 = Debug|x64
		Debug|x86 = Debug|x86
		Release|Any CPU = Release|Any CPU
		Release|Mixed Platforms = Release|Mixed Platforms
		Release|Win32 = Release|Win32
		Release|x64 = Release|x64
		Release|x86 = Release|x86
	EndGlobalSection
	GlobalSection(ProjectConfigurationPlatforms) = postSolution
		{9A812D99-1630-47FE-8E21-B46C2188F1A6}.Debug|Any CPU.ActiveCfg = Debug|Win32
		{9A812D99-1630-47FE-8E21-B46C2188F1A6}.Debug|Mixed Platforms.ActiveCfg = Debug|x64
		{9A812D99-1630-47FE-8E21-B46C2188F1A6}.Debug|Mixed Platforms.Build.0 = Debug|x64
		{9A812D99-1630-47FE-8E21-B46C2188F1A6}.Debug|Win32.ActiveCfg = Debug|Win32
		{9A812D99-1630-47FE-8E21-B46C2188F1A6}.Debug|Win32.Build.0 = Debug|Win32
		{9A812D99-1630-47FE-8E21-B46C2188F1A6}.Debug|x64.ActiveCfg = Debug|x64
		{9A812D99-1630-47FE-8E21-B46C2188F1A6}.Debug|x64.Build.0 = Debug|x64
		{9A812D99-1630-47FE-8E21-B46C2188F1A6}.Debug|x86.ActiveCfg = Debug|Win32
		{9A812D99-1630-47FE-8E21-B46C2188F1A6}.Debug|x86.Build.0 = Debug|Win32
		{9A812D99-1630-47FE-8E21-B46C2188F1A6}.Release|Any CPU.ActiveCfg = Release|Win32
		{9A812D99-1630-47FE-8E21-B46C2188F1A6}.Release|Mixed Platforms.ActiveCfg = Release|Win32
		{9A812D99-1630-47FE-8E21-B46C2188F1A6}.Release|Mixed Platforms.Build.0 = Release|Win32
		{9A812D99-1630-47FE-8E21-B46C2188F1A6}.Release|Win32.ActiveCfg = Release|Win32
		{9A812D99-1630-47FE-8E21-B46C2188F1A6}.Release|Win32.Build.0 = Release|Win32
		{9A812D99-1630-47FE-8E21-B46C2188F1A6}.Release|x64.ActiveCfg = Release|x64
		{9A812D99-1630-47FE-8E21-B46C2188F1A6}.Release|x86.ActiveCfg = Release|Win32
		{9A812D99-1630-47FE-8E21-B46C2188F1A6}.Release|x86.Build.0 = Release|Win32
		{0B2F127B-35D4-488F-9589-A379FDFA043C}.Debug|Any CPU.ActiveCfg = Debug|Win32
		{0B2F127B-35D4-488F-9589-A379FDFA043C}.Debug|Mixed Platforms.ActiveCfg = Debug|Win32
		{0B2F127B-35D4-488F-9589-A379FDFA043C}.Debug|Mixed Platforms.Build.0 = Debug|Win32
		{0B2F127B-35D4-488F-9589-A379FDFA043C}.Debug|Win32.ActiveCfg = Debug|Win32
		{0B2F127B-35D4-488F-9589-A379FDFA043C}.Debug|Win32.Build.0 = Debug|Win32
		{0B2F127B-35D4-488F-9589-A379FDFA043C}.Debug|x64.ActiveCfg = Debug|x64
		{0B2F127B-35D4-488F-9589-A379FDFA043C}.Debug|x64.Build.0 = Debug|x64
		{0B2F127B-35D4-488F-9589-A379FDFA043C}.Debug|x86.ActiveCfg = Debug|Win32
		{0B2F127B-35D4-488F-9589-A379FDFA043C}.Debug|x86.Build.0 = Debug|Win32
		{0B2F127B-35D4-488F-9589-A379FDFA043C}.Release|Any CPU.ActiveCfg = Release|Win32
		{0B2F127B-35D4-488F-9589-A379FDFA043C}.Release|Mixed Platforms.ActiveCfg = Release|Win32
		{0B2F127B-35D4-488F-9589-A379FDFA043C}.Release|Mixed Platforms.Build.0 = Release|Win32
		{0B2F127B-35D4-488F-9589-A379FDFA043C}.Release|Win32.ActiveCfg = Release|Win32
		{0B2F127B-35D4-488F-9589-A379FDFA043C}.Release|Win32.Build.0 = Release|Win32
		{0B2F127B-35D4-488F-9589-A379FDFA043C}.Release|x64.ActiveCfg = Release|x64
		{0B2F127B-35D4-488F-9589-A379FDFA043C}.Release|x86.ActiveCfg = Release|Win32
		{0B2F127B-35D4-488F-9589-A379FDFA043C}.Release|x86.Build.0 = Release|Win32
		{105B6A41-C64C-468F-B8EC-A4749F6B9DB1}.Debug|Any CPU.ActiveCfg = Debug|x86
		{105B6A41-C64C-468F-B8EC-A4749F6B9DB1}.Debug|Mixed Platforms.ActiveCfg = Debug|x86
		{105B6A41-C64C-468F-B8EC-A4749F6B9DB1}.Debug|Mixed Platforms.Build.0 = Debug|x86
		{105B6A41-C64C-468F-B8EC-A4749F6B9DB1}.Debug|Win32.ActiveCfg = Debug|x86
		{105B6A41-C64C-468F-B8EC-A4749F6B9DB1}.Debug|x64.ActiveCfg = Debug|x64
		{105B6A41-C64C-468F-B8EC-A4749F6B9DB1}.Debug|x64.Build.0 = Debug|x64
		{105B6A41-C64C-468F-B8EC-A4749F6B9DB1}.Debug|x86.ActiveCfg = Debug|x86
		{105B6A41-C64C-468F-B8EC-A4749F6B9DB1}.Debug|x86.Build.0 = Debug|x86
		{105B6A41-C64C-468F-B8EC-A4749F6B9DB1}.Release|Any CPU.ActiveCfg = Release|x86
		{105B6A41-C64C-468F-B8EC-A4749F6B9DB1}.Release|Mixed Platforms.ActiveCfg = Release|x86
		{105B6A41-C64C-468F-B8EC-A4749F6B9DB1}.Release|Mixed Platforms.Build.0 = Release|x86
		{105B6A41-C64C-468F-B8EC-A4749F6B9DB1}.Release|Win32.ActiveCfg = Release|x86
		{105B6A41-C64C-468F-B8EC-A4749F6B9DB1}.Release|Win32.Build.0 = Release|x86
		{105B6A41-C64C-468F-B8EC-A4749F6B9DB1}.Release|x64.ActiveCfg = Release|x64
		{105B6A41-C64C-468F-B8EC-A4749F6B9DB1}.Release|x64.Build.0 = Release|x64
		{105B6A41-C64C-468F-B8EC-A4749F6B9DB1}.Release|x86.ActiveCfg = Release|x86
		{105B6A41-C64C-468F-B8EC-A4749F6B9DB1}.Release|x86.Build.0 = Release|x86
		{D40E6071-DFF1-462A-8ED3-42AF663826EE}.Debug|Any CPU.ActiveCfg = Debug|Win32
		{D40E6071-DFF1-462A-8ED3-42AF663826EE}.Debug|Mixed Platforms.ActiveCfg = Debug|Win32
		{D40E6071-DFF1-462A-8ED3-42AF663826EE}.Debug|Mixed Platforms.Build.0 = Debug|Win32
		{D40E6071-DFF1-462A-8ED3-42AF663826EE}.Debug|Win32.ActiveCfg = Debug|Win32
		{D40E6071-DFF1-462A-8ED3-42AF663826EE}.Debug|Win32.Build.0 = Debug|Win32
		{D40E6071-DFF1-462A-8ED3-42AF663826EE}.Debug|x64.ActiveCfg = Debug|x64
		{D40E6071-DFF1-462A-8ED3-42AF663826EE}.Debug|x64.Build.0 = Debug|x64
		{D40E6071-DFF1-462A-8ED3-42AF663826EE}.Debug|x86.ActiveCfg = Debug|Win32
		{D40E6071-DFF1-462A-8ED3-42AF663826EE}.Debug|x86.Build.0 = Debug|Win32
		{D40E6071-DFF1-462A-8ED3-42AF663826EE}.Release|Any CPU.ActiveCfg = Release|Win32
		{D40E6071-DFF1-462A-8ED3-42AF663826EE}.Release|Mixed Platforms.ActiveCfg = Release|Win32
		{D40E6071-DFF1-462A-8ED3-42AF663826EE}.Release|Mixed Platforms.Build.0 = Release|Win32
		{D40E6071-DFF1-462A-8ED3-42AF663826EE}.Release|Win32.ActiveCfg = Release|Win32
		{D40E6071-DFF1-462A-8ED3-42AF663826EE}.Release|Win32.Build.0 = Release|Win32
		{D40E6071-DFF1-462A-8ED3-42AF663826EE}.Release|x64.ActiveCfg = Release|x64
		{D40E6071-DFF1-462A-8ED3-42AF663826EE}.Release|x64.Build.0 = Release|x64
		{D40E6071-DFF1-462A-8ED3-42AF663826EE}.Release|x86.ActiveCfg = Release|Win32
		{D40E6071-DFF1-462A-8ED3-42AF663826EE}.Release|x86.Build.0 = Release|Win32
		{0192933F-A6DD-4A46-85B2-43441A8677B4}.Debug|Any CPU.ActiveCfg = Debug|Win32
		{0192933F-A6DD-4A46-85B2-43441A8677B4}.Debug|Mixed Platforms.ActiveCfg = Debug|Win32
		{0192933F-A6DD-4A46-85B2-43441A8677B4}.Debug|Mixed Platforms.Build.0 = Debug|Win32
		{0192933F-A6DD-4A46-85B2-43441A8677B4}.Debug|Win32.ActiveCfg = Debug|Win32
		{0192933F-A6DD-4A46-85B2-43441A8677B4}.Debug|Win32.Build.0 = Debug|Win32
		{0192933F-A6DD-4A46-85B2-43441A8677B4}.Debug|x64.ActiveCfg = Debug|x64
		{0192933F-A6DD-4A46-85B2-43441A8677B4}.Debug|x64.Build.0 = Debug|x64
		{0192933F-A6DD-4A46-85B2-43441A8677B4}.Debug|x86.ActiveCfg = Debug|Win32
		{0192933F-A6DD-4A46-85B2-43441A8677B4}.Debug|x86.Build.0 = Debug|Win32
		{0192933F-A6DD-4A46-85B2-43441A8677B4}.Release|Any CPU.ActiveCfg = Release|Win32
		{0192933F-A6DD-4A46-85B2-43441A8677B4}.Release|Mixed Platforms.ActiveCfg = Release|Win32
		{0192933F-A6DD-4A46-85B2-43441A8677B4}.Release|Mixed Platforms.Build.0 = Release|Win32
		{0192933F-A6DD-4A46-85B2-43441A8677B4}.Release|Win32.ActiveCfg = Release|Win32
		{0192933F-A6DD-4A46-85B2-43441A8677B4}.Release|Win32.Build.0 = Release|Win32
		{0192933F-A6DD-4A46-85B2-43441A8677B4}.Release|x64.ActiveCfg = Release|x64
		{0192933F-A6DD-4A46-85B2-43441A8677B4}.Release|x64.Build.0 = Release|x64
		{0192933F-A6DD-4A46-85B2-43441A8677B4}.Release|x86.ActiveCfg = Release|Win32
		{0192933F-A6DD-4A46-85B2-43441A8677B4}.Release|x86.Build.0 = Release|Win32
	EndGlobalSection
	GlobalSection(SolutionProperties) = preSolution
		HideSolutionNode = FALSE
	EndGlobalSection
	GlobalSection(ExtensibilityGlobals) = postSolution
		SolutionGuid = {61512910-FD0D-4FD5-B6B9-D82D57D40B3E}
	EndGlobalSection
	GlobalSection(SubversionScc) = preSolution
		Svn-Managed = True
		Manager = AnkhSVN - Subversion Support for Visual Studio
	EndGlobalSection
EndGlobal
